// !$*UTF8*$!
{
	archiveVersion = 1;
	classes = {
	};
	objectVersion = 46;
	objects = {

/* Begin PBXBuildFile section */
		736B455E1F17C72900F64E41 /* AppDelegate.swift in Sources */ = {isa = PBXBuildFile; fileRef = 736B455D1F17C72900F64E41 /* AppDelegate.swift */; };
		736B45601F17C72900F64E41 /* MasterViewController.swift in Sources */ = {isa = PBXBuildFile; fileRef = 736B455F1F17C72900F64E41 /* MasterViewController.swift */; };
		736B45621F17C72900F64E41 /* DetailViewController.swift in Sources */ = {isa = PBXBuildFile; fileRef = 736B45611F17C72900F64E41 /* DetailViewController.swift */; };
		736B45651F17C72900F64E41 /* Main.storyboard in Resources */ = {isa = PBXBuildFile; fileRef = 736B45631F17C72900F64E41 /* Main.storyboard */; };
		736B45671F17C72900F64E41 /* Assets.xcassets in Resources */ = {isa = PBXBuildFile; fileRef = 736B45661F17C72900F64E41 /* Assets.xcassets */; };
		736B456A1F17C72900F64E41 /* LaunchScreen.storyboard in Resources */ = {isa = PBXBuildFile; fileRef = 736B45681F17C72900F64E41 /* LaunchScreen.storyboard */; };
		736B45751F17C72A00F64E41 /* LystSneakersTests.swift in Sources */ = {isa = PBXBuildFile; fileRef = 736B45741F17C72A00F64E41 /* LystSneakersTests.swift */; };
		736B45801F17C72A00F64E41 /* LystSneakersUITests.swift in Sources */ = {isa = PBXBuildFile; fileRef = 736B457F1F17C72A00F64E41 /* LystSneakersUITests.swift */; };
/* End PBXBuildFile section */

/* Begin PBXContainerItemProxy section */
		736B45711F17C72A00F64E41 /* PBXContainerItemProxy */ = {
			isa = PBXContainerItemProxy;
			containerPortal = 736B45521F17C72900F64E41 /* Project object */;
			proxyType = 1;
			remoteGlobalIDString = 736B45591F17C72900F64E41;
			remoteInfo = LystSneakers;
		};
		736B457C1F17C72A00F64E41 /* PBXContainerItemProxy */ = {
			isa = PBXContainerItemProxy;
			containerPortal = 736B45521F17C72900F64E41 /* Project object */;
			proxyType = 1;
			remoteGlobalIDString = 736B45591F17C72900F64E41;
			remoteInfo = LystSneakers;
		};
/* End PBXContainerItemProxy section */

/* Begin PBXFileReference section */
		736B455A1F17C72900F64E41 /* LystSneakers.app */ = {isa = PBXFileReference; explicitFileType = wrapper.application; includeInIndex = 0; path = LystSneakers.app; sourceTree = BUILT_PRODUCTS_DIR; };
		736B455D1F17C72900F64E41 /* AppDelegate.swift */ = {isa = PBXFileReference; lastKnownFileType = sourcecode.swift; path = AppDelegate.swift; sourceTree = "<group>"; };
		736B455F1F17C72900F64E41 /* MasterViewController.swift */ = {isa = PBXFileReference; lastKnownFileType = sourcecode.swift; path = MasterViewController.swift; sourceTree = "<group>"; };
		736B45611F17C72900F64E41 /* DetailViewController.swift */ = {isa = PBXFileReference; lastKnownFileType = sourcecode.swift; path = DetailViewController.swift; sourceTree = "<group>"; };
		736B45641F17C72900F64E41 /* Base */ = {isa = PBXFileReference; lastKnownFileType = file.storyboard; name = Base; path = Base.lproj/Main.storyboard; sourceTree = "<group>"; };
		736B45661F17C72900F64E41 /* Assets.xcassets */ = {isa = PBXFileReference; lastKnownFileType = folder.assetcatalog; path = Assets.xcassets; sourceTree = "<group>"; };
		736B45691F17C72900F64E41 /* Base */ = {isa = PBXFileReference; lastKnownFileType = file.storyboard; name = Base; path = Base.lproj/LaunchScreen.storyboard; sourceTree = "<group>"; };
		736B456B1F17C72900F64E41 /* Info.plist */ = {isa = PBXFileReference; lastKnownFileType = text.plist.xml; path = Info.plist; sourceTree = "<group>"; };
		736B45701F17C72A00F64E41 /* LystSneakersTests.xctest */ = {isa = PBXFileReference; explicitFileType = wrapper.cfbundle; includeInIndex = 0; path = LystSneakersTests.xctest; sourceTree = BUILT_PRODUCTS_DIR; };
		736B45741F17C72A00F64E41 /* LystSneakersTests.swift */ = {isa = PBXFileReference; lastKnownFileType = sourcecode.swift; path = LystSneakersTests.swift; sourceTree = "<group>"; };
		736B45761F17C72A00F64E41 /* Info.plist */ = {isa = PBXFileReference; lastKnownFileType = text.plist.xml; path = Info.plist; sourceTree = "<group>"; };
		736B457B1F17C72A00F64E41 /* LystSneakersUITests.xctest */ = {isa = PBXFileReference; explicitFileType = wrapper.cfbundle; includeInIndex = 0; path = LystSneakersUITests.xctest; sourceTree = BUILT_PRODUCTS_DIR; };
		736B457F1F17C72A00F64E41 /* LystSneakersUITests.swift */ = {isa = PBXFileReference; lastKnownFileType = sourcecode.swift; path = LystSneakersUITests.swift; sourceTree = "<group>"; };
		736B45811F17C72A00F64E41 /* Info.plist */ = {isa = PBXFileReference; lastKnownFileType = text.plist.xml; path = Info.plist; sourceTree = "<group>"; };
/* End PBXFileReference section */

/* Begin PBXFrameworksBuildPhase section */
		736B45571F17C72900F64E41 /* Frameworks */ = {
			isa = PBXFrameworksBuildPhase;
			buildActionMask = 2147483647;
			files = (
			);
			runOnlyForDeploymentPostprocessing = 0;
		};
		736B456D1F17C72A00F64E41 /* Frameworks */ = {
			isa = PBXFrameworksBuildPhase;
			buildActionMask = 2147483647;
			files = (
			);
			runOnlyForDeploymentPostprocessing = 0;
		};
		736B45781F17C72A00F64E41 /* Frameworks */ = {
			isa = PBXFrameworksBuildPhase;
			buildActionMask = 2147483647;
			files = (
			);
			runOnlyForDeploymentPostprocessing = 0;
		};
/* End PBXFrameworksBuildPhase section */

/* Begin PBXGroup section */
		736B45511F17C72900F64E41 = {
			isa = PBXGroup;
			children = (
				736B455C1F17C72900F64E41 /* LystSneakers */,
				736B45731F17C72A00F64E41 /* LystSneakersTests */,
				736B457E1F17C72A00F64E41 /* LystSneakersUITests */,
				736B455B1F17C72900F64E41 /* Products */,
			);
			sourceTree = "<group>";
		};
		736B455B1F17C72900F64E41 /* Products */ = {
			isa = PBXGroup;
			children = (
				736B455A1F17C72900F64E41 /* LystSneakers.app */,
				736B45701F17C72A00F64E41 /* LystSneakersTests.xctest */,
				736B457B1F17C72A00F64E41 /* LystSneakersUITests.xctest */,
			);
			name = Products;
			sourceTree = "<group>";
		};
		736B455C1F17C72900F64E41 /* LystSneakers */ = {
			isa = PBXGroup;
			children = (
				736B455D1F17C72900F64E41 /* AppDelegate.swift */,
				736B455F1F17C72900F64E41 /* MasterViewController.swift */,
				736B45611F17C72900F64E41 /* DetailViewController.swift */,
				736B45631F17C72900F64E41 /* Main.storyboard */,
				736B45661F17C72900F64E41 /* Assets.xcassets */,
				736B45681F17C72900F64E41 /* LaunchScreen.storyboard */,
				736B456B1F17C72900F64E41 /* Info.plist */,
			);
			path = LystSneakers;
			sourceTree = "<group>";
		};
		736B45731F17C72A00F64E41 /* LystSneakersTests */ = {
			isa = PBXGroup;
			children = (
				736B45741F17C72A00F64E41 /* LystSneakersTests.swift */,
				736B45761F17C72A00F64E41 /* Info.plist */,
			);
			path = LystSneakersTests;
			sourceTree = "<group>";
		};
		736B457E1F17C72A00F64E41 /* LystSneakersUITests */ = {
			isa = PBXGroup;
			children = (
				736B457F1F17C72A00F64E41 /* LystSneakersUITests.swift */,
				736B45811F17C72A00F64E41 /* Info.plist */,
			);
			path = LystSneakersUITests;
			sourceTree = "<group>";
		};
/* End PBXGroup section */

/* Begin PBXNativeTarget section */
		736B45591F17C72900F64E41 /* LystSneakers */ = {
			isa = PBXNativeTarget;
			buildConfigurationList = 736B45841F17C72A00F64E41 /* Build configuration list for PBXNativeTarget "LystSneakers" */;
			buildPhases = (
				736B45561F17C72900F64E41 /* Sources */,
				736B45571F17C72900F64E41 /* Frameworks */,
				736B45581F17C72900F64E41 /* Resources */,
			);
			buildRules = (
			);
			dependencies = (
			);
			name = LystSneakers;
			productName = LystSneakers;
			productReference = 736B455A1F17C72900F64E41 /* LystSneakers.app */;
			productType = "com.apple.product-type.application";
		};
		736B456F1F17C72A00F64E41 /* LystSneakersTests */ = {
			isa = PBXNativeTarget;
			buildConfigurationList = 736B45871F17C72A00F64E41 /* Build configuration list for PBXNativeTarget "LystSneakersTests" */;
			buildPhases = (
				736B456C1F17C72A00F64E41 /* Sources */,
				736B456D1F17C72A00F64E41 /* Frameworks */,
				736B456E1F17C72A00F64E41 /* Resources */,
			);
			buildRules = (
			);
			dependencies = (
				736B45721F17C72A00F64E41 /* PBXTargetDependency */,
			);
			name = LystSneakersTests;
			productName = LystSneakersTests;
			productReference = 736B45701F17C72A00F64E41 /* LystSneakersTests.xctest */;
			productType = "com.apple.product-type.bundle.unit-test";
		};
		736B457A1F17C72A00F64E41 /* LystSneakersUITests */ = {
			isa = PBXNativeTarget;
			buildConfigurationList = 736B458A1F17C72A00F64E41 /* Build configuration list for PBXNativeTarget "LystSneakersUITests" */;
			buildPhases = (
				736B45771F17C72A00F64E41 /* Sources */,
				736B45781F17C72A00F64E41 /* Frameworks */,
				736B45791F17C72A00F64E41 /* Resources */,
			);
			buildRules = (
			);
			dependencies = (
				736B457D1F17C72A00F64E41 /* PBXTargetDependency */,
			);
			name = LystSneakersUITests;
			productName = LystSneakersUITests;
			productReference = 736B457B1F17C72A00F64E41 /* LystSneakersUITests.xctest */;
			productType = "com.apple.product-type.bundle.ui-testing";
		};
/* End PBXNativeTarget section */

/* Begin PBXProject section */
		736B45521F17C72900F64E41 /* Project object */ = {
			isa = PBXProject;
			attributes = {
				LastSwiftUpdateCheck = 0830;
				LastUpgradeCheck = 0830;
				ORGANIZATIONNAME = "Jaz King";
				TargetAttributes = {
					736B45591F17C72900F64E41 = {
						CreatedOnToolsVersion = 8.3.3;
						DevelopmentTeam = 92SY62KF9H;
						ProvisioningStyle = Automatic;
					};
					736B456F1F17C72A00F64E41 = {
						CreatedOnToolsVersion = 8.3.3;
						DevelopmentTeam = 92SY62KF9H;
						ProvisioningStyle = Automatic;
						TestTargetID = 736B45591F17C72900F64E41;
					};
					736B457A1F17C72A00F64E41 = {
						CreatedOnToolsVersion = 8.3.3;
						DevelopmentTeam = 92SY62KF9H;
						ProvisioningStyle = Automatic;
						TestTargetID = 736B45591F17C72900F64E41;
					};
				};
			};
			buildConfigurationList = 736B45551F17C72900F64E41 /* Build configuration list for PBXProject "LystSneakers" */;
			compatibilityVersion = "Xcode 3.2";
			developmentRegion = English;
			hasScannedForEncodings = 0;
			knownRegions = (
				en,
				Base,
			);
			mainGroup = 736B45511F17C72900F64E41;
			productRefGroup = 736B455B1F17C72900F64E41 /* Products */;
			projectDirPath = "";
			projectRoot = "";
			targets = (
				736B45591F17C72900F64E41 /* LystSneakers */,
				736B456F1F17C72A00F64E41 /* LystSneakersTests */,
				736B457A1F17C72A00F64E41 /* LystSneakersUITests */,
			);
		};
/* End PBXProject section */

/* Begin PBXResourcesBuildPhase section */
		736B45581F17C72900F64E41 /* Resources */ = {
			isa = PBXResourcesBuildPhase;
			buildActionMask = 2147483647;
			files = (
				736B456A1F17C72900F64E41 /* LaunchScreen.storyboard in Resources */,
				736B45671F17C72900F64E41 /* Assets.xcassets in Resources */,
				736B45651F17C72900F64E41 /* Main.storyboard in Resources */,
			);
			runOnlyForDeploymentPostprocessing = 0;
		};
		736B456E1F17C72A00F64E41 /* Resources */ = {
			isa = PBXResourcesBuildPhase;
			buildActionMask = 2147483647;
			files = (
			);
			runOnlyForDeploymentPostprocessing = 0;
		};
		736B45791F17C72A00F64E41 /* Resources */ = {
			isa = PBXResourcesBuildPhase;
			buildActionMask = 2147483647;
			files = (
			);
			runOnlyForDeploymentPostprocessing = 0;
		};
/* End PBXResourcesBuildPhase section */

/* Begin PBXSourcesBuildPhase section */
		736B45561F17C72900F64E41 /* Sources */ = {
			isa = PBXSourcesBuildPhase;
			buildActionMask = 2147483647;
			files = (
				736B45621F17C72900F64E41 /* DetailViewController.swift in Sources */,
				736B45601F17C72900F64E41 /* MasterViewController.swift in Sources */,
				736B455E1F17C72900F64E41 /* AppDelegate.swift in Sources */,
			);
			runOnlyForDeploymentPostprocessing = 0;
		};
		736B456C1F17C72A00F64E41 /* Sources */ = {
			isa = PBXSourcesBuildPhase;
			buildActionMask = 2147483647;
			files = (
				736B45751F17C72A00F64E41 /* LystSneakersTests.swift in Sources */,
			);
			runOnlyForDeploymentPostprocessing = 0;
		};
		736B45771F17C72A00F64E41 /* Sources */ = {
			isa = PBXSourcesBuildPhase;
			buildActionMask = 2147483647;
			files = (
				736B45801F17C72A00F64E41 /* LystSneakersUITests.swift in Sources */,
			);
			runOnlyForDeploymentPostprocessing = 0;
		};
/* End PBXSourcesBuildPhase section */

/* Begin PBXTargetDependency section */
		736B45721F17C72A00F64E41 /* PBXTargetDependency */ = {
			isa = PBXTargetDependency;
			target = 736B45591F17C72900F64E41 /* LystSneakers */;
			targetProxy = 736B45711F17C72A00F64E41 /* PBXContainerItemProxy */;
		};
		736B457D1F17C72A00F64E41 /* PBXTargetDependency */ = {
			isa = PBXTargetDependency;
			target = 736B45591F17C72900F64E41 /* LystSneakers */;
			targetProxy = 736B457C1F17C72A00F64E41 /* PBXContainerItemProxy */;
		};
/* End PBXTargetDependency section */

/* Begin PBXVariantGroup section */
		736B45631F17C72900F64E41 /* Main.storyboard */ = {
			isa = PBXVariantGroup;
			children = (
				736B45641F17C72900F64E41 /* Base */,
			);
			name = Main.storyboard;
			sourceTree = "<group>";
		};
		736B45681F17C72900F64E41 /* LaunchScreen.storyboard */ = {
			isa = PBXVariantGroup;
			children = (
				736B45691F17C72900F64E41 /* Base */,
			);
			name = LaunchScreen.storyboard;
			sourceTree = "<group>";
		};
/* End PBXVariantGroup section */

/* Begin XCBuildConfiguration section */
		736B45821F17C72A00F64E41 /* Debug */ = {
			isa = XCBuildConfiguration;
			buildSettings = {
				ALWAYS_SEARCH_USER_PATHS = NO;
				CLANG_ANALYZER_NONNULL = YES;
				CLANG_ANALYZER_NUMBER_OBJECT_CONVERSION = YES_AGGRESSIVE;
				CLANG_CXX_LANGUAGE_STANDARD = "gnu++0x";
				CLANG_CXX_LIBRARY = "libc++";
				CLANG_ENABLE_MODULES = YES;
				CLANG_ENABLE_OBJC_ARC = YES;
				CLANG_WARN_BOOL_CONVERSION = YES;
				CLANG_WARN_CONSTANT_CONVERSION = YES;
				CLANG_WARN_DIRECT_OBJC_ISA_USAGE = YES_ERROR;
				CLANG_WARN_DOCUMENTATION_COMMENTS = YES;
				CLANG_WARN_EMPTY_BODY = YES;
				CLANG_WARN_ENUM_CONVERSION = YES;
				CLANG_WARN_INFINITE_RECURSION = YES;
				CLANG_WARN_INT_CONVERSION = YES;
				CLANG_WARN_OBJC_ROOT_CLASS = YES_ERROR;
				CLANG_WARN_SUSPICIOUS_MOVE = YES;
				CLANG_WARN_UNREACHABLE_CODE = YES;
				CLANG_WARN__DUPLICATE_METHOD_MATCH = YES;
				"CODE_SIGN_IDENTITY[sdk=iphoneos*]" = "iPhone Developer";
				COPY_PHASE_STRIP = NO;
				DEBUG_INFORMATION_FORMAT = dwarf;
				ENABLE_STRICT_OBJC_MSGSEND = YES;
				ENABLE_TESTABILITY = YES;
				GCC_C_LANGUAGE_STANDARD = gnu99;
				GCC_DYNAMIC_NO_PIC = NO;
				GCC_NO_COMMON_BLOCKS = YES;
				GCC_OPTIMIZATION_LEVEL = 0;
				GCC_PREPROCESSOR_DEFINITIONS = (
					"DEBUG=1",
					"$(inherited)",
				);
				GCC_WARN_64_TO_32_BIT_CONVERSION = YES;
				GCC_WARN_ABOUT_RETURN_TYPE = YES_ERROR;
				GCC_WARN_UNDECLARED_SELECTOR = YES;
				GCC_WARN_UNINITIALIZED_AUTOS = YES_AGGRESSIVE;
				GCC_WARN_UNUSED_FUNCTION = YES;
				GCC_WARN_UNUSED_VARIABLE = YES;
				IPHONEOS_DEPLOYMENT_TARGET = 10.3;
				MTL_ENABLE_DEBUG_INFO = YES;
				ONLY_ACTIVE_ARCH = YES;
				SDKROOT = iphoneos;
				SWIFT_ACTIVE_COMPILATION_CONDITIONS = DEBUG;
				SWIFT_OPTIMIZATION_LEVEL = "-Onone";
				TARGETED_DEVICE_FAMILY = "1,2";
			};
			name = Debug;
		};
		736B45831F17C72A00F64E41 /* Release */ = {
			isa = XCBuildConfiguration;
			buildSettings = {
				ALWAYS_SEARCH_USER_PATHS = NO;
				CLANG_ANALYZER_NONNULL = YES;
				CLANG_ANALYZER_NUMBER_OBJECT_CONVERSION = YES_AGGRESSIVE;
				CLANG_CXX_LANGUAGE_STANDARD = "gnu++0x";
				CLANG_CXX_LIBRARY = "libc++";
				CLANG_ENABLE_MODULES = YES;
				CLANG_ENABLE_OBJC_ARC = YES;
				CLANG_WARN_BOOL_CONVERSION = YES;
				CLANG_WARN_CONSTANT_CONVERSION = YES;
				CLANG_WARN_DIRECT_OBJC_ISA_USAGE = YES_ERROR;
				CLANG_WARN_DOCUMENTATION_COMMENTS = YES;
				CLANG_WARN_EMPTY_BODY = YES;
				CLANG_WARN_ENUM_CONVERSION = YES;
				CLANG_WARN_INFINITE_RECURSION = YES;
				CLANG_WARN_INT_CONVERSION = YES;
				CLANG_WARN_OBJC_ROOT_CLASS = YES_ERROR;
				CLANG_WARN_SUSPICIOUS_MOVE = YES;
				CLANG_WARN_UNREACHABLE_CODE = YES;
				CLANG_WARN__DUPLICATE_METHOD_MATCH = YES;
				"CODE_SIGN_IDENTITY[sdk=iphoneos*]" = "iPhone Developer";
				COPY_PHASE_STRIP = NO;
				DEBUG_INFORMATION_FORMAT = "dwarf-with-dsym";
				ENABLE_NS_ASSERTIONS = NO;
				ENABLE_STRICT_OBJC_MSGSEND = YES;
				GCC_C_LANGUAGE_STANDARD = gnu99;
				GCC_NO_COMMON_BLOCKS = YES;
				GCC_WARN_64_TO_32_BIT_CONVERSION = YES;
				GCC_WARN_ABOUT_RETURN_TYPE = YES_ERROR;
				GCC_WARN_UNDECLARED_SELECTOR = YES;
				GCC_WARN_UNINITIALIZED_AUTOS = YES_AGGRESSIVE;
				GCC_WARN_UNUSED_FUNCTION = YES;
				GCC_WARN_UNUSED_VARIABLE = YES;
				IPHONEOS_DEPLOYMENT_TARGET = 10.3;
				MTL_ENABLE_DEBUG_INFO = NO;
				SDKROOT = iphoneos;
				SWIFT_OPTIMIZATION_LEVEL = "-Owholemodule";
				TARGETED_DEVICE_FAMILY = "1,2";
				VALIDATE_PRODUCT = YES;
			};
			name = Release;
		};
		736B45851F17C72A00F64E41 /* Debug */ = {
			isa = XCBuildConfiguration;
			buildSettings = {
				ASSETCATALOG_COMPILER_APPICON_NAME = AppIcon;
				DEVELOPMENT_TEAM = 92SY62KF9H;
				INFOPLIST_FILE = LystSneakers/Info.plist;
				LD_RUNPATH_SEARCH_PATHS = "$(inherited) @executable_path/Frameworks";
				PRODUCT_BUNDLE_IDENTIFIER = com.Xebula.lystsneakers.LystSneakers;
				PRODUCT_NAME = "$(TARGET_NAME)";
				SWIFT_VERSION = 3.0;
			};
			name = Debug;
		};
		736B45861F17C72A00F64E41 /* Release */ = {
			isa = XCBuildConfiguration;
			buildSettings = {
				ASSETCATALOG_COMPILER_APPICON_NAME = AppIcon;
				DEVELOPMENT_TEAM = 92SY62KF9H;
				INFOPLIST_FILE = LystSneakers/Info.plist;
				LD_RUNPATH_SEARCH_PATHS = "$(inherited) @executable_path/Frameworks";
				PRODUCT_BUNDLE_IDENTIFIER = com.Xebula.lystsneakers.LystSneakers;
				PRODUCT_NAME = "$(TARGET_NAME)";
				SWIFT_VERSION = 3.0;
			};
			name = Release;
		};
		736B45881F17C72A00F64E41 /* Debug */ = {
			isa = XCBuildConfiguration;
			buildSettings = {
				ALWAYS_EMBED_SWIFT_STANDARD_LIBRARIES = YES;
				BUNDLE_LOADER = "$(TEST_HOST)";
				DEVELOPMENT_TEAM = 92SY62KF9H;
				INFOPLIST_FILE = LystSneakersTests/Info.plist;
				LD_RUNPATH_SEARCH_PATHS = "$(inherited) @executable_path/Frameworks @loader_path/Frameworks";
				PRODUCT_BUNDLE_IDENTIFIER = com.Xebula.lystsneakers.LystSneakersTests;
				PRODUCT_NAME = "$(TARGET_NAME)";
				SWIFT_VERSION = 3.0;
				TEST_HOST = "$(BUILT_PRODUCTS_DIR)/LystSneakers.app/LystSneakers";
			};
			name = Debug;
		};
		736B45891F17C72A00F64E41 /* Release */ = {
			isa = XCBuildConfiguration;
			buildSettings = {
				ALWAYS_EMBED_SWIFT_STANDARD_LIBRARIES = YES;
				BUNDLE_LOADER = "$(TEST_HOST)";
				DEVELOPMENT_TEAM = 92SY62KF9H;
				INFOPLIST_FILE = LystSneakersTests/Info.plist;
				LD_RUNPATH_SEARCH_PATHS = "$(inherited) @executable_path/Frameworks @loader_path/Frameworks";
				PRODUCT_BUNDLE_IDENTIFIER = com.Xebula.lystsneakers.LystSneakersTests;
				PRODUCT_NAME = "$(TARGET_NAME)";
				SWIFT_VERSION = 3.0;
				TEST_HOST = "$(BUILT_PRODUCTS_DIR)/LystSneakers.app/LystSneakers";
			};
			name = Release;
		};
		736B458B1F17C72A00F64E41 /* Debug */ = {
			isa = XCBuildConfiguration;
			buildSettings = {
				ALWAYS_EMBED_SWIFT_STANDARD_LIBRARIES = YES;
				DEVELOPMENT_TEAM = 92SY62KF9H;
				INFOPLIST_FILE = LystSneakersUITests/Info.plist;
				LD_RUNPATH_SEARCH_PATHS = "$(inherited) @executable_path/Frameworks @loader_path/Frameworks";
				PRODUCT_BUNDLE_IDENTIFIER = com.Xebula.lystsneakers.LystSneakersUITests;
				PRODUCT_NAME = "$(TARGET_NAME)";
				SWIFT_VERSION = 3.0;
				TEST_TARGET_NAME = LystSneakers;
			};
			name = Debug;
		};
		736B458C1F17C72A00F64E41 /* Release */ = {
			isa = XCBuildConfiguration;
			buildSettings = {
				ALWAYS_EMBED_SWIFT_STANDARD_LIBRARIES = YES;
				DEVELOPMENT_TEAM = 92SY62KF9H;
				INFOPLIST_FILE = LystSneakersUITests/Info.plist;
				LD_RUNPATH_SEARCH_PATHS = "$(inherited) @executable_path/Frameworks @loader_path/Frameworks";
				PRODUCT_BUNDLE_IDENTIFIER = com.Xebula.lystsneakers.LystSneakersUITests;
				PRODUCT_NAME = "$(TARGET_NAME)";
				SWIFT_VERSION = 3.0;
				TEST_TARGET_NAME = LystSneakers;
			};
			name = Release;
		};
/* End XCBuildConfiguration section */

/* Begin XCConfigurationList section */
		736B45551F17C72900F64E41 /* Build configuration list for PBXProject "LystSneakers" */ = {
			isa = XCConfigurationList;
			buildConfigurations = (
				736B45821F17C72A00F64E41 /* Debug */,
				736B45831F17C72A00F64E41 /* Release */,
			);
			defaultConfigurationIsVisible = 0;
			defaultConfigurationName = Release;
		};
		736B45841F17C72A00F64E41 /* Build configuration list for PBXNativeTarget "LystSneakers" */ = {
			isa = XCConfigurationList;
			buildConfigurations = (
				736B45851F17C72A00F64E41 /* Debug */,
				736B45861F17C72A00F64E41 /* Release */,
			);
			defaultConfigurationIsVisible = 0;
		};
		736B45871F17C72A00F64E41 /* Build configuration list for PBXNativeTarget "LystSneakersTests" */ = {
			isa = XCConfigurationList;
			buildConfigurations = (
				736B45881F17C72A00F64E41 /* Debug */,
				736B45891F17C72A00F64E41 /* Release */,
			);
			defaultConfigurationIsVisible = 0;
		};
		736B458A1F17C72A00F64E41 /* Build configuration list for PBXNativeTarget "LystSneakersUITests" */ = {
			isa = XCConfigurationList;
			buildConfigurations = (
				736B458B1F17C72A00F64E41 /* Debug */,
				736B458C1F17C72A00F64E41 /* Release */,
			);
			defaultConfigurationIsVisible = 0;
		};
/* End XCConfigurationList section */
	};
	rootObject = 736B45521F17C72900F64E41 /* Project object */;
}
